
Microsoft Visual Studio Solution File, Format Version 12.00
# Visual Studio Version 17
VisualStudioVersion = 17.0.31903.59
MinimumVisualStudioVersion = 10.0.40219.1
Project("{FAE04EC0-301F-11D3-BF4B-00C04F79EFBC}") = "Bcfier", "Bcfier\Bcfier.csproj", "{503CE2C1-09D7-4F15-BB42-86196EE01ED4}"
EndProject
Project("{FAE04EC0-301F-11D3-BF4B-00C04F79EFBC}") = "Bcfier.Revit", "Bcfier.Revit\Bcfier.Revit.csproj", "{2D132990-5674-42DF-93BF-55BA8FDC6A23}"
EndProject
Project("{FAE04EC0-301F-11D3-BF4B-00C04F79EFBC}") = "Bcfier.Revit.Standalone", "Bcfier.Revit.Standalone\Bcfier.Revit.Standalone.csproj", "{A1B2C3D4-E5F6-7890-ABCD-EF1234567890}"
EndProject
Project("{FAE04EC0-301F-11D3-BF4B-00C04F79EFBC}") = "Bcfier.Win", "Bcfier.Win\Bcfier.Win.csproj", "{3C03085B-63AD-4890-AC2C-A4DE31AF1A6B}"
EndProject
Project("{FAE04EC0-301F-11D3-BF4B-00C04F79EFBC}") = "Bcfier.Tests", "tests\Bcfier.Tests\Bcfier.Tests.csproj", "{B2C3D4E5-F6A7-8901-BCDE-F12345678901}"
EndProject
Global
	GlobalSection(SolutionConfigurationPlatforms) = preSolution
		R2022|Any CPU = R2022|Any CPU
		R2023|Any CPU = R2023|Any CPU
		R2025|Any CPU = R2025|Any CPU
		R2026|Any CPU = R2026|Any CPU
		Win|Any CPU = Win|Any CPU
	EndGlobalSection
	GlobalSection(ProjectConfigurationPlatforms) = postSolution
		{503CE2C1-09D7-4F15-BB42-86196EE01ED4}.R2022|Any CPU.ActiveCfg = R2022|Any CPU
		{503CE2C1-09D7-4F15-BB42-86196EE01ED4}.R2022|Any CPU.Build.0 = R2022|Any CPU
		{503CE2C1-09D7-4F15-BB42-86196EE01ED4}.R2023|Any CPU.ActiveCfg = R2023|Any CPU
		{503CE2C1-09D7-4F15-BB42-86196EE01ED4}.R2023|Any CPU.Build.0 = R2023|Any CPU
		{503CE2C1-09D7-4F15-BB42-86196EE01ED4}.R2025|Any CPU.ActiveCfg = R2025|Any CPU
		{503CE2C1-09D7-4F15-BB42-86196EE01ED4}.R2025|Any CPU.Build.0 = R2025|Any CPU
		{503CE2C1-09D7-4F15-BB42-86196EE01ED4}.R2026|Any CPU.ActiveCfg = R2026|Any CPU
		{503CE2C1-09D7-4F15-BB42-86196EE01ED4}.R2026|Any CPU.Build.0 = R2026|Any CPU
		{503CE2C1-09D7-4F15-BB42-86196EE01ED4}.Win|Any CPU.ActiveCfg = Win|Any CPU
		{503CE2C1-09D7-4F15-BB42-86196EE01ED4}.Win|Any CPU.Build.0 = Win|Any CPU
		{2D132990-5674-42DF-93BF-55BA8FDC6A23}.R2022|Any CPU.ActiveCfg = R2022|Any CPU
		{2D132990-5674-42DF-93BF-55BA8FDC6A23}.R2022|Any CPU.Build.0 = R2022|Any CPU
		{2D132990-5674-42DF-93BF-55BA8FDC6A23}.R2023|Any CPU.ActiveCfg = R2023|Any CPU
		{2D132990-5674-42DF-93BF-55BA8FDC6A23}.R2023|Any CPU.Build.0 = R2023|Any CPU
		{2D132990-5674-42DF-93BF-55BA8FDC6A23}.R2025|Any CPU.ActiveCfg = R2025|Any CPU
		{2D132990-5674-42DF-93BF-55BA8FDC6A23}.R2025|Any CPU.Build.0 = R2025|Any CPU
		{2D132990-5674-42DF-93BF-55BA8FDC6A23}.R2026|Any CPU.ActiveCfg = R2026|Any CPU
		{2D132990-5674-42DF-93BF-55BA8FDC6A23}.R2026|Any CPU.Build.0 = R2026|Any CPU
		{2D132990-5674-42DF-93BF-55BA8FDC6A23}.Win|Any CPU.ActiveCfg = R2022|Any CPU
		{A1B2C3D4-E5F6-7890-ABCD-EF1234567890}.R2022|Any CPU.ActiveCfg = R2022|Any CPU
		{A1B2C3D4-E5F6-7890-ABCD-EF1234567890}.R2022|Any CPU.Build.0 = R2022|Any CPU
		{A1B2C3D4-E5F6-7890-ABCD-EF1234567890}.R2023|Any CPU.ActiveCfg = R2023|Any CPU
		{A1B2C3D4-E5F6-7890-ABCD-EF1234567890}.R2023|Any CPU.Build.0 = R2023|Any CPU
		{A1B2C3D4-E5F6-7890-ABCD-EF1234567890}.R2025|Any CPU.ActiveCfg = R2025|Any CPU
		{A1B2C3D4-E5F6-7890-ABCD-EF1234567890}.R2025|Any CPU.Build.0 = R2025|Any CPU
		{A1B2C3D4-E5F6-7890-ABCD-EF1234567890}.R2026|Any CPU.ActiveCfg = R2026|Any CPU
		{A1B2C3D4-E5F6-7890-ABCD-EF1234567890}.R2026|Any CPU.Build.0 = R2026|Any CPU
		{A1B2C3D4-E5F6-7890-ABCD-EF1234567890}.Win|Any CPU.ActiveCfg = R2022|Any CPU
		{3C03085B-63AD-4890-AC2C-A4DE31AF1A6B}.R2022|Any CPU.ActiveCfg = Win|Any CPU
		{3C03085B-63AD-4890-AC2C-A4DE31AF1A6B}.R2023|Any CPU.ActiveCfg = Win|Any CPU
		{3C03085B-63AD-4890-AC2C-A4DE31AF1A6B}.R2025|Any CPU.ActiveCfg = Win|Any CPU
		{3C03085B-63AD-4890-AC2C-A4DE31AF1A6B}.R2026|Any CPU.ActiveCfg = Win|Any CPU
		{3C03085B-63AD-4890-AC2C-A4DE31AF1A6B}.Win|Any CPU.ActiveCfg = Win|Any CPU
		{3C03085B-63AD-4890-AC2C-A4DE31AF1A6B}.Win|Any CPU.Build.0 = Win|Any CPU
		{B2C3D4E5-F6A7-8901-BCDE-F12345678901}.R2022|Any CPU.ActiveCfg = R2022|Any CPU
		{B2C3D4E5-F6A7-8901-BCDE-F12345678901}.R2022|Any CPU.Build.0 = R2022|Any CPU
		{B2C3D4E5-F6A7-8901-BCDE-F12345678901}.R2023|Any CPU.ActiveCfg = R2023|Any CPU
		{B2C3D4E5-F6A7-8901-BCDE-F12345678901}.R2023|Any CPU.Build.0 = R2023|Any CPU
		{B2C3D4E5-F6A7-8901-BCDE-F12345678901}.R2025|Any CPU.ActiveCfg = R2025|Any CPU
		{B2C3D4E5-F6A7-8901-BCDE-F12345678901}.R2025|Any CPU.Build.0 = R2025|Any CPU
		{B2C3D4E5-F6A7-8901-BCDE-F12345678901}.R2026|Any CPU.ActiveCfg = R2026|Any CPU
		{B2C3D4E5-F6A7-8901-BCDE-F12345678901}.R2026|Any CPU.Build.0 = R2026|Any CPU
		{B2C3D4E5-F6A7-8901-BCDE-F12345678901}.Win|Any CPU.ActiveCfg = Win|Any CPU
		{B2C3D4E5-F6A7-8901-BCDE-F12345678901}.Win|Any CPU.Build.0 = Win|Any CPU
	EndGlobalSection
EndGlobal
